
Microsoft Visual Studio Solution File, Format Version 12.00
# Visual Studio Version 17
VisualStudioVersion = 17.11.35327.3
MinimumVisualStudioVersion = 10.0.40219.1
Project("{2150E333-8FDC-42A3-9474-1A3956D46DE8}") = "Backend", "Backend", "{88D00584-141C-4D4E-892F-C68BDB079A0A}"
EndProject
Project("{2150E333-8FDC-42A3-9474-1A3956D46DE8}") = "Frontend", "Frontend", "{74FA983F-01A2-4333-AB4A-CE6312221D56}"
EndProject
Project("{FAE04EC0-301F-11D3-BF4B-00C04F79EFBC}") = "ForumProject.Api", "ForumProject.Api\ForumProject.Api.csproj", "{A9F96AF4-40F3-4956-98B4-A48CB0FA0484}"
EndProject
Project("{FAE04EC0-301F-11D3-BF4B-00C04F79EFBC}") = "ForumProjects.Application", "ForumProjects.Application\ForumProjects.Application.csproj", "{1CE6D90E-4068-40A3-9CCF-822C279A8F8B}"
EndProject
Project("{FAE04EC0-301F-11D3-BF4B-00C04F79EFBC}") = "ForumProjects.Infrastructure", "ForumProjects.Infrastructure\ForumProjects.Infrastructure.csproj", "{56BBE855-F435-4A60-A1DA-B7FD8AB74824}"
EndProject
Global
	GlobalSection(SolutionConfigurationPlatforms) = preSolution
		Debug|Any CPU = Debug|Any CPU
		Release|Any CPU = Release|Any CPU
	EndGlobalSection
	GlobalSection(ProjectConfigurationPlatforms) = postSolution
		{A9F96AF4-40F3-4956-98B4-A48CB0FA0484}.Debug|Any CPU.ActiveCfg = Debug|Any CPU
		{A9F96AF4-40F3-4956-98B4-A48CB0FA0484}.Debug|Any CPU.Build.0 = Debug|Any CPU
		{A9F96AF4-40F3-4956-98B4-A48CB0FA0484}.Release|Any CPU.ActiveCfg = Release|Any CPU
		{A9F96AF4-40F3-4956-98B4-A48CB0FA0484}.Release|Any CPU.Build.0 = Release|Any CPU
		{1CE6D90E-4068-40A3-9CCF-822C279A8F8B}.Debug|Any CPU.ActiveCfg = Debug|Any CPU
		{1CE6D90E-4068-40A3-9CCF-822C279A8F8B}.Debug|Any CPU.Build.0 = Debug|Any CPU
		{1CE6D90E-4068-40A3-9CCF-822C279A8F8B}.Release|Any CPU.ActiveCfg = Release|Any CPU
		{1CE6D90E-4068-40A3-9CCF-822C279A8F8B}.Release|Any CPU.Build.0 = Release|Any CPU
		{56BBE855-F435-4A60-A1DA-B7FD8AB74824}.Debug|Any CPU.ActiveCfg = Debug|Any CPU
		{56BBE855-F435-4A60-A1DA-B7FD8AB74824}.Debug|Any CPU.Build.0 = Debug|Any CPU
		{56BBE855-F435-4A60-A1DA-B7FD8AB74824}.Release|Any CPU.ActiveCfg = Release|Any CPU
		{56BBE855-F435-4A60-A1DA-B7FD8AB74824}.Release|Any CPU.Build.0 = Release|Any CPU
	EndGlobalSection
	GlobalSection(SolutionProperties) = preSolution
		HideSolutionNode = FALSE
	EndGlobalSection
	GlobalSection(NestedProjects) = preSolution
		{A9F96AF4-40F3-4956-98B4-A48CB0FA0484} = {88D00584-141C-4D4E-892F-C68BDB079A0A}
		{1CE6D90E-4068-40A3-9CCF-822C279A8F8B} = {88D00584-141C-4D4E-892F-C68BDB079A0A}
		{56BBE855-F435-4A60-A1DA-B7FD8AB74824} = {88D00584-141C-4D4E-892F-C68BDB079A0A}
	EndGlobalSection
	GlobalSection(ExtensibilityGlobals) = postSolution
		SolutionGuid = {7FBEBC42-5553-46BB-A702-834BAB8EE164}
	EndGlobalSection
EndGlobal
